
Microsoft Visual Studio Solution File, Format Version 12.00
# Visual Studio Version 17
VisualStudioVersion = 17.13.35931.197 d17.13
MinimumVisualStudioVersion = 10.0.40219.1
Project("{FAE04EC0-301F-11D3-BF4B-00C04F79EFBC}") = "DogsApp.Mvc", "DogsApp.Mvc\DogsApp.Mvc.csproj", "{95E83568-2063-4F29-B86A-EF5B08A53035}"
EndProject
Global
	GlobalSection(SolutionConfigurationPlatforms) = preSolution
		Debug|Any CPU = Debug|Any CPU
		Release|Any CPU = Release|Any CPU
	EndGlobalSection
	GlobalSection(ProjectConfigurationPlatforms) = postSolution
		{95E83568-2063-4F29-B86A-EF5B08A53035}.Debug|Any CPU.ActiveCfg = Debug|Any CPU
		{95E83568-2063-4F29-B86A-EF5B08A53035}.Debug|Any CPU.Build.0 = Debug|Any CPU
		{95E83568-2063-4F29-B86A-EF5B08A53035}.Release|Any CPU.ActiveCfg = Release|Any CPU
		{95E83568-2063-4F29-B86A-EF5B08A53035}.Release|Any CPU.Build.0 = Release|Any CPU
	EndGlobalSection
	GlobalSection(SolutionProperties) = preSolution
		HideSolutionNode = FALSE
	EndGlobalSection
	GlobalSection(ExtensibilityGlobals) = postSolution
		SolutionGuid = {7240512C-0DA3-47F8-BE2B-F591393853D6}
	EndGlobalSection
EndGlobal
